
Microsoft Visual Studio Solution File, Format Version 12.00
# Visual Studio Version 17
VisualStudioVersion = 17.0.32126.317
MinimumVisualStudioVersion = 10.0.40219.1
Project("{FAE04EC0-301F-11D3-BF4B-00C04F79EFBC}") = "Ecommerce-MVC-ASP.NET", "Ecommerce-MVC-ASP.NET\Ecommerce-MVC-ASP.NET.csproj", "{CE1FAE7F-5377-4552-8E50-65F4707471C3}"
EndProject
Global
	GlobalSection(SolutionConfigurationPlatforms) = preSolution
		Debug|Any CPU = Debug|Any CPU
		Release|Any CPU = Release|Any CPU
	EndGlobalSection
	GlobalSection(ProjectConfigurationPlatforms) = postSolution
		{CE1FAE7F-5377-4552-8E50-65F4707471C3}.Debug|Any CPU.ActiveCfg = Debug|Any CPU
		{CE1FAE7F-5377-4552-8E50-65F4707471C3}.Debug|Any CPU.Build.0 = Debug|Any CPU
		{CE1FAE7F-5377-4552-8E50-65F4707471C3}.Release|Any CPU.ActiveCfg = Release|Any CPU
		{CE1FAE7F-5377-4552-8E50-65F4707471C3}.Release|Any CPU.Build.0 = Release|Any CPU
	EndGlobalSection
	GlobalSection(SolutionProperties) = preSolution
		HideSolutionNode = FALSE
	EndGlobalSection
	GlobalSection(ExtensibilityGlobals) = postSolution
		SolutionGuid = {27C6795B-5731-4946-B240-78C29F1871AB}
	EndGlobalSection
EndGlobal
